
Microsoft Visual Studio Solution File, Format Version 12.00
# Visual Studio Version 16
VisualStudioVersion = 16.0.30320.27
MinimumVisualStudioVersion = 10.0.40219.1
Project("{9A19103F-16F7-4668-BE54-9A1E7A4F7556}") = "whatsmyprogress.DAL", "whatsmyprogress.DAL\whatsmyprogress.DAL.csproj", "{11DF054B-9991-446E-AEDF-E3053325DB1A}"
EndProject
Project("{FAE04EC0-301F-11D3-BF4B-00C04F79EFBC}") = "whatsmyprogress.WebAPI", "whatsmyprogress.WebAPI\whatsmyprogress.WebAPI.csproj", "{9149EACE-291B-4B01-8122-98DC7F1A29F2}"
EndProject
Project("{9A19103F-16F7-4668-BE54-9A1E7A4F7556}") = "whatsmyprogress", "whatsmyprogress\whatsmyprogress.csproj", "{01EC7A68-19A9-4063-9270-BF94281E2777}"
EndProject
Global
	GlobalSection(SolutionConfigurationPlatforms) = preSolution
		Debug|Any CPU = Debug|Any CPU
		Release|Any CPU = Release|Any CPU
	EndGlobalSection
	GlobalSection(ProjectConfigurationPlatforms) = postSolution
		{11DF054B-9991-446E-AEDF-E3053325DB1A}.Debug|Any CPU.ActiveCfg = Debug|Any CPU
		{11DF054B-9991-446E-AEDF-E3053325DB1A}.Debug|Any CPU.Build.0 = Debug|Any CPU
		{11DF054B-9991-446E-AEDF-E3053325DB1A}.Release|Any CPU.ActiveCfg = Release|Any CPU
		{11DF054B-9991-446E-AEDF-E3053325DB1A}.Release|Any CPU.Build.0 = Release|Any CPU
		{9149EACE-291B-4B01-8122-98DC7F1A29F2}.Debug|Any CPU.ActiveCfg = Debug|Any CPU
		{9149EACE-291B-4B01-8122-98DC7F1A29F2}.Debug|Any CPU.Build.0 = Debug|Any CPU
		{9149EACE-291B-4B01-8122-98DC7F1A29F2}.Release|Any CPU.ActiveCfg = Release|Any CPU
		{9149EACE-291B-4B01-8122-98DC7F1A29F2}.Release|Any CPU.Build.0 = Release|Any CPU
		{01EC7A68-19A9-4063-9270-BF94281E2777}.Debug|Any CPU.ActiveCfg = Debug|Any CPU
		{01EC7A68-19A9-4063-9270-BF94281E2777}.Debug|Any CPU.Build.0 = Debug|Any CPU
		{01EC7A68-19A9-4063-9270-BF94281E2777}.Release|Any CPU.ActiveCfg = Release|Any CPU
		{01EC7A68-19A9-4063-9270-BF94281E2777}.Release|Any CPU.Build.0 = Release|Any CPU
	EndGlobalSection
	GlobalSection(SolutionProperties) = preSolution
		HideSolutionNode = FALSE
	EndGlobalSection
	GlobalSection(ExtensibilityGlobals) = postSolution
		SolutionGuid = {3DBE798A-7CEA-4AB9-923A-D12FF32839F3}
	EndGlobalSection
EndGlobal
